
Microsoft Visual Studio Solution File, Format Version 12.00
# Visual Studio 2010
Project("{2150E333-8FDC-42A3-9474-1A3956D46DE8}") = ".nuget", ".nuget", "{02EF708E-7429-46B7-AD45-A985926A2E0E}"
	ProjectSection(SolutionItems) = preProject
		.nuget\NuGet.exe = .nuget\NuGet.exe
		.nuget\NuGet.targets = .nuget\NuGet.targets
		.nuget\packages.config = .nuget\packages.config
	EndProjectSection
EndProject
Project("{FAE04EC0-301F-11D3-BF4B-00C04F79EFBC}") = "Web", "Web\Web.csproj", "{0C5B8D9B-22A2-4F31-A939-A421D2AF2012}"
EndProject
Project("{FAE04EC0-301F-11D3-BF4B-00C04F79EFBC}") = "Core", "Core\Core.csproj", "{8F2EA92A-1519-482E-9808-DACB2CA67503}"
EndProject
Project("{FAE04EC0-301F-11D3-BF4B-00C04F79EFBC}") = "Hosting", "Hosting\Hosting.csproj", "{ECD161DB-0E1C-4860-8AAA-3FC8E5C36FC0}"
EndProject
Global
	GlobalSection(SolutionConfigurationPlatforms) = preSolution
		Debug|Any CPU = Debug|Any CPU
		Release|Any CPU = Release|Any CPU
	EndGlobalSection
	GlobalSection(ProjectConfigurationPlatforms) = postSolution
		{0C5B8D9B-22A2-4F31-A939-A421D2AF2012}.Debug|Any CPU.ActiveCfg = Debug|Any CPU
		{0C5B8D9B-22A2-4F31-A939-A421D2AF2012}.Debug|Any CPU.Build.0 = Debug|Any CPU
		{0C5B8D9B-22A2-4F31-A939-A421D2AF2012}.Release|Any CPU.ActiveCfg = Release|Any CPU
		{0C5B8D9B-22A2-4F31-A939-A421D2AF2012}.Release|Any CPU.Build.0 = Release|Any CPU
		{8F2EA92A-1519-482E-9808-DACB2CA67503}.Debug|Any CPU.ActiveCfg = Debug|Any CPU
		{8F2EA92A-1519-482E-9808-DACB2CA67503}.Debug|Any CPU.Build.0 = Debug|Any CPU
		{8F2EA92A-1519-482E-9808-DACB2CA67503}.Release|Any CPU.ActiveCfg = Release|Any CPU
		{8F2EA92A-1519-482E-9808-DACB2CA67503}.Release|Any CPU.Build.0 = Release|Any CPU
		{ECD161DB-0E1C-4860-8AAA-3FC8E5C36FC0}.Debug|Any CPU.ActiveCfg = Debug|Any CPU
		{ECD161DB-0E1C-4860-8AAA-3FC8E5C36FC0}.Debug|Any CPU.Build.0 = Debug|Any CPU
		{ECD161DB-0E1C-4860-8AAA-3FC8E5C36FC0}.Release|Any CPU.ActiveCfg = Release|Any CPU
		{ECD161DB-0E1C-4860-8AAA-3FC8E5C36FC0}.Release|Any CPU.Build.0 = Release|Any CPU
	EndGlobalSection
	GlobalSection(SolutionProperties) = preSolution
		HideSolutionNode = FALSE
	EndGlobalSection
EndGlobal
